// !$*UTF8*$!
{
	archiveVersion = 1;
	classes = {
	};
	objectVersion = 46;
	objects = {

/* Begin PBXBuildFile section */
		849100241A99A40E004DFE3D /* AppDelegate.swift in Sources */ = {isa = PBXBuildFile; fileRef = 849100231A99A40E004DFE3D /* AppDelegate.swift */; };
		849100261A99A40E004DFE3D /* ViewController.swift in Sources */ = {isa = PBXBuildFile; fileRef = 849100251A99A40E004DFE3D /* ViewController.swift */; };
		849100291A99A40E004DFE3D /* Main.storyboard in Resources */ = {isa = PBXBuildFile; fileRef = 849100271A99A40E004DFE3D /* Main.storyboard */; };
		8491002B1A99A40E004DFE3D /* Images.xcassets in Resources */ = {isa = PBXBuildFile; fileRef = 8491002A1A99A40E004DFE3D /* Images.xcassets */; };
		8491002E1A99A40E004DFE3D /* LaunchScreen.xib in Resources */ = {isa = PBXBuildFile; fileRef = 8491002C1A99A40E004DFE3D /* LaunchScreen.xib */; };
		8491003A1A99A40F004DFE3D /* beautyGalleryTests.swift in Sources */ = {isa = PBXBuildFile; fileRef = 849100391A99A40F004DFE3D /* beautyGalleryTests.swift */; };
		849100441A99B8DA004DFE3D /* viewControlerExtension.swift in Sources */ = {isa = PBXBuildFile; fileRef = 849100431A99B8DA004DFE3D /* viewControlerExtension.swift */; };
		849100461A99C0C3004DFE3D /* GalleryViewControler.swift in Sources */ = {isa = PBXBuildFile; fileRef = 849100451A99C0C3004DFE3D /* GalleryViewControler.swift */; };
/* End PBXBuildFile section */

/* Begin PBXContainerItemProxy section */
		849100341A99A40F004DFE3D /* PBXContainerItemProxy */ = {
			isa = PBXContainerItemProxy;
			containerPortal = 849100161A99A40E004DFE3D /* Project object */;
			proxyType = 1;
			remoteGlobalIDString = 8491001D1A99A40E004DFE3D;
			remoteInfo = beautyGallery;
		};
/* End PBXContainerItemProxy section */

/* Begin PBXFileReference section */
		8491001E1A99A40E004DFE3D /* beautyGallery.app */ = {isa = PBXFileReference; explicitFileType = wrapper.application; includeInIndex = 0; path = beautyGallery.app; sourceTree = BUILT_PRODUCTS_DIR; };
		849100221A99A40E004DFE3D /* Info.plist */ = {isa = PBXFileReference; lastKnownFileType = text.plist.xml; path = Info.plist; sourceTree = "<group>"; };
		849100231A99A40E004DFE3D /* AppDelegate.swift */ = {isa = PBXFileReference; lastKnownFileType = sourcecode.swift; path = AppDelegate.swift; sourceTree = "<group>"; };
		849100251A99A40E004DFE3D /* ViewController.swift */ = {isa = PBXFileReference; lastKnownFileType = sourcecode.swift; path = ViewController.swift; sourceTree = "<group>"; };
		849100281A99A40E004DFE3D /* Base */ = {isa = PBXFileReference; lastKnownFileType = file.storyboard; name = Base; path = Base.lproj/Main.storyboard; sourceTree = "<group>"; };
		8491002A1A99A40E004DFE3D /* Images.xcassets */ = {isa = PBXFileReference; lastKnownFileType = folder.assetcatalog; path = Images.xcassets; sourceTree = "<group>"; };
		8491002D1A99A40E004DFE3D /* Base */ = {isa = PBXFileReference; lastKnownFileType = file.xib; name = Base; path = Base.lproj/LaunchScreen.xib; sourceTree = "<group>"; };
		849100331A99A40F004DFE3D /* beautyGalleryTests.xctest */ = {isa = PBXFileReference; explicitFileType = wrapper.cfbundle; includeInIndex = 0; path = beautyGalleryTests.xctest; sourceTree = BUILT_PRODUCTS_DIR; };
		849100381A99A40F004DFE3D /* Info.plist */ = {isa = PBXFileReference; lastKnownFileType = text.plist.xml; path = Info.plist; sourceTree = "<group>"; };
		849100391A99A40F004DFE3D /* beautyGalleryTests.swift */ = {isa = PBXFileReference; lastKnownFileType = sourcecode.swift; path = beautyGalleryTests.swift; sourceTree = "<group>"; };
		849100431A99B8DA004DFE3D /* viewControlerExtension.swift */ = {isa = PBXFileReference; fileEncoding = 4; lastKnownFileType = sourcecode.swift; path = viewControlerExtension.swift; sourceTree = "<group>"; };
		849100451A99C0C3004DFE3D /* GalleryViewControler.swift */ = {isa = PBXFileReference; fileEncoding = 4; lastKnownFileType = sourcecode.swift; path = GalleryViewControler.swift; sourceTree = "<group>"; };
/* End PBXFileReference section */

/* Begin PBXFrameworksBuildPhase section */
		8491001B1A99A40E004DFE3D /* Frameworks */ = {
			isa = PBXFrameworksBuildPhase;
			buildActionMask = 2147483647;
			files = (
			);
			runOnlyForDeploymentPostprocessing = 0;
		};
		849100301A99A40F004DFE3D /* Frameworks */ = {
			isa = PBXFrameworksBuildPhase;
			buildActionMask = 2147483647;
			files = (
			);
			runOnlyForDeploymentPostprocessing = 0;
		};
/* End PBXFrameworksBuildPhase section */

/* Begin PBXGroup section */
		849100151A99A40E004DFE3D = {
			isa = PBXGroup;
			children = (
				849100201A99A40E004DFE3D /* beautyGallery */,
				849100361A99A40F004DFE3D /* beautyGalleryTests */,
				8491001F1A99A40E004DFE3D /* Products */,
			);
			sourceTree = "<group>";
		};
		8491001F1A99A40E004DFE3D /* Products */ = {
			isa = PBXGroup;
			children = (
				8491001E1A99A40E004DFE3D /* beautyGallery.app */,
				849100331A99A40F004DFE3D /* beautyGalleryTests.xctest */,
			);
			name = Products;
			sourceTree = "<group>";
		};
		849100201A99A40E004DFE3D /* beautyGallery */ = {
			isa = PBXGroup;
			children = (
				849100231A99A40E004DFE3D /* AppDelegate.swift */,
				849100251A99A40E004DFE3D /* ViewController.swift */,
				849100271A99A40E004DFE3D /* Main.storyboard */,
				8491002A1A99A40E004DFE3D /* Images.xcassets */,
				8491002C1A99A40E004DFE3D /* LaunchScreen.xib */,
				849100211A99A40E004DFE3D /* Supporting Files */,
				849100431A99B8DA004DFE3D /* viewControlerExtension.swift */,
				849100451A99C0C3004DFE3D /* GalleryViewControler.swift */,
			);
			path = beautyGallery;
			sourceTree = "<group>";
		};
		849100211A99A40E004DFE3D /* Supporting Files */ = {
			isa = PBXGroup;
			children = (
				849100221A99A40E004DFE3D /* Info.plist */,
			);
			name = "Supporting Files";
			sourceTree = "<group>";
		};
		849100361A99A40F004DFE3D /* beautyGalleryTests */ = {
			isa = PBXGroup;
			children = (
				849100391A99A40F004DFE3D /* beautyGalleryTests.swift */,
				849100371A99A40F004DFE3D /* Supporting Files */,
			);
			path = beautyGalleryTests;
			sourceTree = "<group>";
		};
		849100371A99A40F004DFE3D /* Supporting Files */ = {
			isa = PBXGroup;
			children = (
				849100381A99A40F004DFE3D /* Info.plist */,
			);
			name = "Supporting Files";
			sourceTree = "<group>";
		};
/* End PBXGroup section */

/* Begin PBXNativeTarget section */
		8491001D1A99A40E004DFE3D /* beautyGallery */ = {
			isa = PBXNativeTarget;
			buildConfigurationList = 8491003D1A99A40F004DFE3D /* Build configuration list for PBXNativeTarget "beautyGallery" */;
			buildPhases = (
				8491001A1A99A40E004DFE3D /* Sources */,
				8491001B1A99A40E004DFE3D /* Frameworks */,
				8491001C1A99A40E004DFE3D /* Resources */,
			);
			buildRules = (
			);
			dependencies = (
			);
			name = beautyGallery;
			productName = beautyGallery;
			productReference = 8491001E1A99A40E004DFE3D /* beautyGallery.app */;
			productType = "com.apple.product-type.application";
		};
		849100321A99A40F004DFE3D /* beautyGalleryTests */ = {
			isa = PBXNativeTarget;
			buildConfigurationList = 849100401A99A40F004DFE3D /* Build configuration list for PBXNativeTarget "beautyGalleryTests" */;
			buildPhases = (
				8491002F1A99A40F004DFE3D /* Sources */,
				849100301A99A40F004DFE3D /* Frameworks */,
				849100311A99A40F004DFE3D /* Resources */,
			);
			buildRules = (
			);
			dependencies = (
				849100351A99A40F004DFE3D /* PBXTargetDependency */,
			);
			name = beautyGalleryTests;
			productName = beautyGalleryTests;
			productReference = 849100331A99A40F004DFE3D /* beautyGalleryTests.xctest */;
			productType = "com.apple.product-type.bundle.unit-test";
		};
/* End PBXNativeTarget section */

/* Begin PBXProject section */
		849100161A99A40E004DFE3D /* Project object */ = {
			isa = PBXProject;
			attributes = {
				LastUpgradeCheck = 0610;
				ORGANIZATIONNAME = jhpost;
				TargetAttributes = {
					8491001D1A99A40E004DFE3D = {
						CreatedOnToolsVersion = 6.1.1;
					};
					849100321A99A40F004DFE3D = {
						CreatedOnToolsVersion = 6.1.1;
						TestTargetID = 8491001D1A99A40E004DFE3D;
					};
				};
			};
			buildConfigurationList = 849100191A99A40E004DFE3D /* Build configuration list for PBXProject "beautyGallery" */;
			compatibilityVersion = "Xcode 3.2";
			developmentRegion = English;
			hasScannedForEncodings = 0;
			knownRegions = (
				en,
				Base,
			);
			mainGroup = 849100151A99A40E004DFE3D;
			productRefGroup = 8491001F1A99A40E004DFE3D /* Products */;
			projectDirPath = "";
			projectRoot = "";
			targets = (
				8491001D1A99A40E004DFE3D /* beautyGallery */,
				849100321A99A40F004DFE3D /* beautyGalleryTests */,
			);
		};
/* End PBXProject section */

/* Begin PBXResourcesBuildPhase section */
		8491001C1A99A40E004DFE3D /* Resources */ = {
			isa = PBXResourcesBuildPhase;
			buildActionMask = 2147483647;
			files = (
				849100291A99A40E004DFE3D /* Main.storyboard in Resources */,
				8491002E1A99A40E004DFE3D /* LaunchScreen.xib in Resources */,
				8491002B1A99A40E004DFE3D /* Images.xcassets in Resources */,
			);
			runOnlyForDeploymentPostprocessing = 0;
		};
		849100311A99A40F004DFE3D /* Resources */ = {
			isa = PBXResourcesBuildPhase;
			buildActionMask = 2147483647;
			files = (
			);
			runOnlyForDeploymentPostprocessing = 0;
		};
/* End PBXResourcesBuildPhase section */

/* Begin PBXSourcesBuildPhase section */
		8491001A1A99A40E004DFE3D /* Sources */ = {
			isa = PBXSourcesBuildPhase;
			buildActionMask = 2147483647;
			files = (
				849100461A99C0C3004DFE3D /* GalleryViewControler.swift in Sources */,
				849100441A99B8DA004DFE3D /* viewControlerExtension.swift in Sources */,
				849100261A99A40E004DFE3D /* ViewController.swift in Sources */,
				849100241A99A40E004DFE3D /* AppDelegate.swift in Sources */,
			);
			runOnlyForDeploymentPostprocessing = 0;
		};
		8491002F1A99A40F004DFE3D /* Sources */ = {
			isa = PBXSourcesBuildPhase;
			buildActionMask = 2147483647;
			files = (
				8491003A1A99A40F004DFE3D /* beautyGalleryTests.swift in Sources */,
			);
			runOnlyForDeploymentPostprocessing = 0;
		};
/* End PBXSourcesBuildPhase section */

/* Begin PBXTargetDependency section */
		849100351A99A40F004DFE3D /* PBXTargetDependency */ = {
			isa = PBXTargetDependency;
			target = 8491001D1A99A40E004DFE3D /* beautyGallery */;
			targetProxy = 849100341A99A40F004DFE3D /* PBXContainerItemProxy */;
		};
/* End PBXTargetDependency section */

/* Begin PBXVariantGroup section */
		849100271A99A40E004DFE3D /* Main.storyboard */ = {
			isa = PBXVariantGroup;
			children = (
				849100281A99A40E004DFE3D /* Base */,
			);
			name = Main.storyboard;
			sourceTree = "<group>";
		};
		8491002C1A99A40E004DFE3D /* LaunchScreen.xib */ = {
			isa = PBXVariantGroup;
			children = (
				8491002D1A99A40E004DFE3D /* Base */,
			);
			name = LaunchScreen.xib;
			sourceTree = "<group>";
		};
/* End PBXVariantGroup section */

/* Begin XCBuildConfiguration section */
		8491003B1A99A40F004DFE3D /* Debug */ = {
			isa = XCBuildConfiguration;
			buildSettings = {
				ALWAYS_SEARCH_USER_PATHS = NO;
				CLANG_CXX_LANGUAGE_STANDARD = "gnu++0x";
				CLANG_CXX_LIBRARY = "libc++";
				CLANG_ENABLE_MODULES = YES;
				CLANG_ENABLE_OBJC_ARC = YES;
				CLANG_WARN_BOOL_CONVERSION = YES;
				CLANG_WARN_CONSTANT_CONVERSION = YES;
				CLANG_WARN_DIRECT_OBJC_ISA_USAGE = YES_ERROR;
				CLANG_WARN_EMPTY_BODY = YES;
				CLANG_WARN_ENUM_CONVERSION = YES;
				CLANG_WARN_INT_CONVERSION = YES;
				CLANG_WARN_OBJC_ROOT_CLASS = YES_ERROR;
				CLANG_WARN_UNREACHABLE_CODE = YES;
				CLANG_WARN__DUPLICATE_METHOD_MATCH = YES;
				"CODE_SIGN_IDENTITY[sdk=iphoneos*]" = "iPhone Developer";
				COPY_PHASE_STRIP = NO;
				ENABLE_STRICT_OBJC_MSGSEND = YES;
				GCC_C_LANGUAGE_STANDARD = gnu99;
				GCC_DYNAMIC_NO_PIC = NO;
				GCC_OPTIMIZATION_LEVEL = 0;
				GCC_PREPROCESSOR_DEFINITIONS = (
					"DEBUG=1",
					"$(inherited)",
				);
				GCC_SYMBOLS_PRIVATE_EXTERN = NO;
				GCC_WARN_64_TO_32_BIT_CONVERSION = YES;
				GCC_WARN_ABOUT_RETURN_TYPE = YES_ERROR;
				GCC_WARN_UNDECLARED_SELECTOR = YES;
				GCC_WARN_UNINITIALIZED_AUTOS = YES_AGGRESSIVE;
				GCC_WARN_UNUSED_FUNCTION = YES;
				GCC_WARN_UNUSED_VARIABLE = YES;
				IPHONEOS_DEPLOYMENT_TARGET = 8.1;
				MTL_ENABLE_DEBUG_INFO = YES;
				ONLY_ACTIVE_ARCH = YES;
				SDKROOT = iphoneos;
				SWIFT_OPTIMIZATION_LEVEL = "-Onone";
			};
			name = Debug;
		};
		8491003C1A99A40F004DFE3D /* Release */ = {
			isa = XCBuildConfiguration;
			buildSettings = {
				ALWAYS_SEARCH_USER_PATHS = NO;
				CLANG_CXX_LANGUAGE_STANDARD = "gnu++0x";
				CLANG_CXX_LIBRARY = "libc++";
				CLANG_ENABLE_MODULES = YES;
				CLANG_ENABLE_OBJC_ARC = YES;
				CLANG_WARN_BOOL_CONVERSION = YES;
				CLANG_WARN_CONSTANT_CONVERSION = YES;
				CLANG_WARN_DIRECT_OBJC_ISA_USAGE = YES_ERROR;
				CLANG_WARN_EMPTY_BODY = YES;
				CLANG_WARN_ENUM_CONVERSION = YES;
				CLANG_WARN_INT_CONVERSION = YES;
				CLANG_WARN_OBJC_ROOT_CLASS = YES_ERROR;
				CLANG_WARN_UNREACHABLE_CODE = YES;
				CLANG_WARN__DUPLICATE_METHOD_MATCH = YES;
				"CODE_SIGN_IDENTITY[sdk=iphoneos*]" = "iPhone Developer";
				COPY_PHASE_STRIP = YES;
				ENABLE_NS_ASSERTIONS = NO;
				ENABLE_STRICT_OBJC_MSGSEND = YES;
				GCC_C_LANGUAGE_STANDARD = gnu99;
				GCC_WARN_64_TO_32_BIT_CONVERSION = YES;
				GCC_WARN_ABOUT_RETURN_TYPE = YES_ERROR;
				GCC_WARN_UNDECLARED_SELECTOR = YES;
				GCC_WARN_UNINITIALIZED_AUTOS = YES_AGGRESSIVE;
				GCC_WARN_UNUSED_FUNCTION = YES;
				GCC_WARN_UNUSED_VARIABLE = YES;
				IPHONEOS_DEPLOYMENT_TARGET = 8.1;
				MTL_ENABLE_DEBUG_INFO = NO;
				SDKROOT = iphoneos;
				VALIDATE_PRODUCT = YES;
			};
			name = Release;
		};
		8491003E1A99A40F004DFE3D /* Debug */ = {
			isa = XCBuildConfiguration;
			buildSettings = {
				ASSETCATALOG_COMPILER_APPICON_NAME = AppIcon;
				INFOPLIST_FILE = beautyGallery/Info.plist;
				LD_RUNPATH_SEARCH_PATHS = "$(inherited) @executable_path/Frameworks";
				PRODUCT_NAME = "$(TARGET_NAME)";
				TARGETED_DEVICE_FAMILY = 1;
			};
			name = Debug;
		};
		8491003F1A99A40F004DFE3D /* Release */ = {
			isa = XCBuildConfiguration;
			buildSettings = {
				ASSETCATALOG_COMPILER_APPICON_NAME = AppIcon;
				INFOPLIST_FILE = beautyGallery/Info.plist;
				LD_RUNPATH_SEARCH_PATHS = "$(inherited) @executable_path/Frameworks";
				PRODUCT_NAME = "$(TARGET_NAME)";
				TARGETED_DEVICE_FAMILY = 1;
			};
			name = Release;
		};
		849100411A99A40F004DFE3D /* Debug */ = {
			isa = XCBuildConfiguration;
			buildSettings = {
				BUNDLE_LOADER = "$(TEST_HOST)";
				FRAMEWORK_SEARCH_PATHS = (
					"$(SDKROOT)/Developer/Library/Frameworks",
					"$(inherited)",
				);
				GCC_PREPROCESSOR_DEFINITIONS = (
					"DEBUG=1",
					"$(inherited)",
				);
				INFOPLIST_FILE = beautyGalleryTests/Info.plist;
				LD_RUNPATH_SEARCH_PATHS = "$(inherited) @executable_path/Frameworks @loader_path/Frameworks";
				PRODUCT_NAME = "$(TARGET_NAME)";
				TEST_HOST = "$(BUILT_PRODUCTS_DIR)/beautyGallery.app/beautyGallery";
			};
			name = Debug;
		};
		849100421A99A40F004DFE3D /* Release */ = {
			isa = XCBuildConfiguration;
			buildSettings = {
				BUNDLE_LOADER = "$(TEST_HOST)";
				FRAMEWORK_SEARCH_PATHS = (
					"$(SDKROOT)/Developer/Library/Frameworks",
					"$(inherited)",
				);
				INFOPLIST_FILE = beautyGalleryTests/Info.plist;
				LD_RUNPATH_SEARCH_PATHS = "$(inherited) @executable_path/Frameworks @loader_path/Frameworks";
				PRODUCT_NAME = "$(TARGET_NAME)";
				TEST_HOST = "$(BUILT_PRODUCTS_DIR)/beautyGallery.app/beautyGallery";
			};
			name = Release;
		};
/* End XCBuildConfiguration section */

/* Begin XCConfigurationList section */
		849100191A99A40E004DFE3D /* Build configuration list for PBXProject "beautyGallery" */ = {
			isa = XCConfigurationList;
			buildConfigurations = (
				8491003B1A99A40F004DFE3D /* Debug */,
				8491003C1A99A40F004DFE3D /* Release */,
			);
			defaultConfigurationIsVisible = 0;
			defaultConfigurationName = Release;
		};
		8491003D1A99A40F004DFE3D /* Build configuration list for PBXNativeTarget "beautyGallery" */ = {
			isa = XCConfigurationList;
			buildConfigurations = (
				8491003E1A99A40F004DFE3D /* Debug */,
				8491003F1A99A40F004DFE3D /* Release */,
			);
			defaultConfigurationIsVisible = 0;
		};
		849100401A99A40F004DFE3D /* Build configuration list for PBXNativeTarget "beautyGalleryTests" */ = {
			isa = XCConfigurationList;
			buildConfigurations = (
				849100411A99A40F004DFE3D /* Debug */,
				849100421A99A40F004DFE3D /* Release */,
			);
			defaultConfigurationIsVisible = 0;
		};
/* End XCConfigurationList section */
	};
	rootObject = 849100161A99A40E004DFE3D /* Project object */;
}
